
Microsoft Visual Studio Solution File, Format Version 12.00
# Visual Studio 15
VisualStudioVersion = 15.0.27130.2027
MinimumVisualStudioVersion = 10.0.40219.1
Project("{FAE04EC0-301F-11D3-BF4B-00C04F79EFBC}") = "GesMerCa", "GesMerCa\GesMerCa.csproj", "{68F112D7-89A6-45A8-82F5-69A91CC44798}"
EndProject
Project("{54435603-DBB4-11D2-8724-00A0C9A8B90C}") = "Setup_GesMerCa", "Setup_GesMerCa\Setup_GesMerCa.vdproj", "{E9C79FF9-9D02-410B-A280-1BEB51925BFB}"
EndProject
Global
	GlobalSection(SolutionConfigurationPlatforms) = preSolution
		Debug|Any CPU = Debug|Any CPU
		Debug|Itanium = Debug|Itanium
		Debug|x64 = Debug|x64
		Debug|x86 = Debug|x86
		Release|Any CPU = Release|Any CPU
		Release|Itanium = Release|Itanium
		Release|x64 = Release|x64
		Release|x86 = Release|x86
	EndGlobalSection
	GlobalSection(ProjectConfigurationPlatforms) = postSolution
		{68F112D7-89A6-45A8-82F5-69A91CC44798}.Debug|Any CPU.ActiveCfg = Debug|Any CPU
		{68F112D7-89A6-45A8-82F5-69A91CC44798}.Debug|Any CPU.Build.0 = Debug|Any CPU
		{68F112D7-89A6-45A8-82F5-69A91CC44798}.Debug|Itanium.ActiveCfg = Debug|Any CPU
		{68F112D7-89A6-45A8-82F5-69A91CC44798}.Debug|Itanium.Build.0 = Debug|Any CPU
		{68F112D7-89A6-45A8-82F5-69A91CC44798}.Debug|x64.ActiveCfg = Debug|x64
		{68F112D7-89A6-45A8-82F5-69A91CC44798}.Debug|x64.Build.0 = Debug|x64
		{68F112D7-89A6-45A8-82F5-69A91CC44798}.Debug|x86.ActiveCfg = Debug|Any CPU
		{68F112D7-89A6-45A8-82F5-69A91CC44798}.Debug|x86.Build.0 = Debug|Any CPU
		{68F112D7-89A6-45A8-82F5-69A91CC44798}.Release|Any CPU.ActiveCfg = Release|Any CPU
		{68F112D7-89A6-45A8-82F5-69A91CC44798}.Release|Any CPU.Build.0 = Release|Any CPU
		{68F112D7-89A6-45A8-82F5-69A91CC44798}.Release|Itanium.ActiveCfg = Release|Any CPU
		{68F112D7-89A6-45A8-82F5-69A91CC44798}.Release|Itanium.Build.0 = Release|Any CPU
		{68F112D7-89A6-45A8-82F5-69A91CC44798}.Release|x64.ActiveCfg = Release|x64
		{68F112D7-89A6-45A8-82F5-69A91CC44798}.Release|x64.Build.0 = Release|x64
		{68F112D7-89A6-45A8-82F5-69A91CC44798}.Release|x86.ActiveCfg = Release|Any CPU
		{68F112D7-89A6-45A8-82F5-69A91CC44798}.Release|x86.Build.0 = Release|Any CPU
		{E9C79FF9-9D02-410B-A280-1BEB51925BFB}.Debug|Any CPU.ActiveCfg = Debug
		{E9C79FF9-9D02-410B-A280-1BEB51925BFB}.Debug|Any CPU.Build.0 = Debug
		{E9C79FF9-9D02-410B-A280-1BEB51925BFB}.Debug|Itanium.ActiveCfg = Debug
		{E9C79FF9-9D02-410B-A280-1BEB51925BFB}.Debug|Itanium.Build.0 = Debug
		{E9C79FF9-9D02-410B-A280-1BEB51925BFB}.Debug|x64.ActiveCfg = Debug
		{E9C79FF9-9D02-410B-A280-1BEB51925BFB}.Debug|x64.Build.0 = Debug
		{E9C79FF9-9D02-410B-A280-1BEB51925BFB}.Debug|x86.ActiveCfg = Debug
		{E9C79FF9-9D02-410B-A280-1BEB51925BFB}.Debug|x86.Build.0 = Debug
		{E9C79FF9-9D02-410B-A280-1BEB51925BFB}.Release|Any CPU.ActiveCfg = Release
		{E9C79FF9-9D02-410B-A280-1BEB51925BFB}.Release|Any CPU.Build.0 = Release
		{E9C79FF9-9D02-410B-A280-1BEB51925BFB}.Release|Itanium.ActiveCfg = Release
		{E9C79FF9-9D02-410B-A280-1BEB51925BFB}.Release|Itanium.Build.0 = Release
		{E9C79FF9-9D02-410B-A280-1BEB51925BFB}.Release|x64.ActiveCfg = Release
		{E9C79FF9-9D02-410B-A280-1BEB51925BFB}.Release|x64.Build.0 = Release
		{E9C79FF9-9D02-410B-A280-1BEB51925BFB}.Release|x86.ActiveCfg = Release
		{E9C79FF9-9D02-410B-A280-1BEB51925BFB}.Release|x86.Build.0 = Release
	EndGlobalSection
	GlobalSection(SolutionProperties) = preSolution
		HideSolutionNode = FALSE
	EndGlobalSection
	GlobalSection(ExtensibilityGlobals) = postSolution
		SolutionGuid = {36A6373D-6305-47F5-93A9-FCB99CEC4638}
	EndGlobalSection
EndGlobal
